
Microsoft Visual Studio Solution File, Format Version 12.00
# Visual Studio Version 17
VisualStudioVersion = 17.5.002.0
MinimumVisualStudioVersion = 10.0.40219.1
Project("{9A19103F-16F7-4668-BE54-9A1E7A4F7556}") = "TheEmployeeApi", "TheEmployeeApi\TheEmployeeApi.csproj", "{08626E3C-40FB-4264-A1A1-17ED4B138C62}"
EndProject
Project("{FAE04EC0-301F-11D3-BF4B-00C04F79EFBC}") = "TheEmployeeApi.Tests", "TheEmployeeApi.Tests\TheEmployeeApi.Tests.csproj", "{4E30E02A-9958-4FB6-8458-862F4809CE22}"
EndProject
Global
	GlobalSection(SolutionConfigurationPlatforms) = preSolution
		Debug|Any CPU = Debug|Any CPU
		Release|Any CPU = Release|Any CPU
	EndGlobalSection
	GlobalSection(ProjectConfigurationPlatforms) = postSolution
		{08626E3C-40FB-4264-A1A1-17ED4B138C62}.Debug|Any CPU.ActiveCfg = Debug|Any CPU
		{08626E3C-40FB-4264-A1A1-17ED4B138C62}.Debug|Any CPU.Build.0 = Debug|Any CPU
		{08626E3C-40FB-4264-A1A1-17ED4B138C62}.Release|Any CPU.ActiveCfg = Release|Any CPU
		{08626E3C-40FB-4264-A1A1-17ED4B138C62}.Release|Any CPU.Build.0 = Release|Any CPU
		{4E30E02A-9958-4FB6-8458-862F4809CE22}.Debug|Any CPU.ActiveCfg = Debug|Any CPU
		{4E30E02A-9958-4FB6-8458-862F4809CE22}.Debug|Any CPU.Build.0 = Debug|Any CPU
		{4E30E02A-9958-4FB6-8458-862F4809CE22}.Release|Any CPU.ActiveCfg = Release|Any CPU
		{4E30E02A-9958-4FB6-8458-862F4809CE22}.Release|Any CPU.Build.0 = Release|Any CPU
	EndGlobalSection
	GlobalSection(SolutionProperties) = preSolution
		HideSolutionNode = FALSE
	EndGlobalSection
	GlobalSection(ExtensibilityGlobals) = postSolution
		SolutionGuid = {CC45E36C-BA9C-4BCB-9BD6-C76A0AE7EC32}
	EndGlobalSection
EndGlobal
